
Microsoft Visual Studio Solution File, Format Version 12.00
# Visual Studio Version 17
VisualStudioVersion = 17.0.31903.59
MinimumVisualStudioVersion = 10.0.40219.1
Project("{2150E333-8FDC-42A3-9474-1A3956D46DE8}") = "src", "src", "{ECB4375E-3A3F-4CD0-86FC-AF0B7C3F0F0A}"
EndProject
Project("{FAE04EC0-301F-11D3-BF4B-00C04F79EFBC}") = "IzbanKiosk.Domain", "src\IzbanKiosk.Domain\IzbanKiosk.Domain.csproj", "{98228D2B-2F01-473B-B6FA-4C4F6C0D575B}"
EndProject
Project("{FAE04EC0-301F-11D3-BF4B-00C04F79EFBC}") = "IzbanKiosk.Management.Contracts", "src\IzbanKiosk.Management.Contracts\IzbanKiosk.Management.Contracts.csproj", "{7C751A63-8E17-46D7-8979-18C046261BA7}"
EndProject
Project("{FAE04EC0-301F-11D3-BF4B-00C04F79EFBC}") = "IzbanKiosk.Application", "src\IzbanKiosk.Application\IzbanKiosk.Application.csproj", "{F1AFFC67-F382-45B7-9FDA-E630EDA62781}"
EndProject
Project("{FAE04EC0-301F-11D3-BF4B-00C04F79EFBC}") = "IzbanKiosk.Infrastructure", "src\IzbanKiosk.Infrastructure\IzbanKiosk.Infrastructure.csproj", "{89750BB3-1B56-4E97-87CA-1890EBE419EB}"
EndProject
Project("{FAE04EC0-301F-11D3-BF4B-00C04F79EFBC}") = "IzbanKiosk.Hardware", "src\IzbanKiosk.Hardware\IzbanKiosk.Hardware.csproj", "{0006C7B3-BC46-4473-A2A4-A5360DC677C3}"
EndProject
Project("{FAE04EC0-301F-11D3-BF4B-00C04F79EFBC}") = "IzbanKioskApp", "src\IzbanKioskApp\IzbanKioskApp.csproj", "{957EBB7C-F38E-4EF2-B22A-2C7E34713262}"
EndProject
Project("{2150E333-8FDC-42A3-9474-1A3956D46DE8}") = "tests", "tests", "{0AEA2DFC-3D46-479B-9179-B31124AB72FC}"
EndProject
Project("{FAE04EC0-301F-11D3-BF4B-00C04F79EFBC}") = "IzbanKiosk.Tests", "tests\IzbanKiosk.Tests\IzbanKiosk.Tests.csproj", "{9D963FB1-E600-4EF6-BF75-3020FECDC2A7}"
EndProject
Global
	GlobalSection(SolutionConfigurationPlatforms) = preSolution
		Debug|Any CPU = Debug|Any CPU
		Release|Any CPU = Release|Any CPU
	EndGlobalSection
	GlobalSection(SolutionProperties) = preSolution
		HideSolutionNode = FALSE
	EndGlobalSection
	GlobalSection(ProjectConfigurationPlatforms) = postSolution
		{98228D2B-2F01-473B-B6FA-4C4F6C0D575B}.Debug|Any CPU.ActiveCfg = Debug|Any CPU
		{98228D2B-2F01-473B-B6FA-4C4F6C0D575B}.Debug|Any CPU.Build.0 = Debug|Any CPU
		{98228D2B-2F01-473B-B6FA-4C4F6C0D575B}.Release|Any CPU.ActiveCfg = Release|Any CPU
		{98228D2B-2F01-473B-B6FA-4C4F6C0D575B}.Release|Any CPU.Build.0 = Release|Any CPU
		{7C751A63-8E17-46D7-8979-18C046261BA7}.Debug|Any CPU.ActiveCfg = Debug|Any CPU
		{7C751A63-8E17-46D7-8979-18C046261BA7}.Debug|Any CPU.Build.0 = Debug|Any CPU
		{7C751A63-8E17-46D7-8979-18C046261BA7}.Release|Any CPU.ActiveCfg = Release|Any CPU
		{7C751A63-8E17-46D7-8979-18C046261BA7}.Release|Any CPU.Build.0 = Release|Any CPU
		{F1AFFC67-F382-45B7-9FDA-E630EDA62781}.Debug|Any CPU.ActiveCfg = Debug|Any CPU
		{F1AFFC67-F382-45B7-9FDA-E630EDA62781}.Debug|Any CPU.Build.0 = Debug|Any CPU
		{F1AFFC67-F382-45B7-9FDA-E630EDA62781}.Release|Any CPU.ActiveCfg = Release|Any CPU
		{F1AFFC67-F382-45B7-9FDA-E630EDA62781}.Release|Any CPU.Build.0 = Release|Any CPU
		{89750BB3-1B56-4E97-87CA-1890EBE419EB}.Debug|Any CPU.ActiveCfg = Debug|Any CPU
		{89750BB3-1B56-4E97-87CA-1890EBE419EB}.Debug|Any CPU.Build.0 = Debug|Any CPU
		{89750BB3-1B56-4E97-87CA-1890EBE419EB}.Release|Any CPU.ActiveCfg = Release|Any CPU
		{89750BB3-1B56-4E97-87CA-1890EBE419EB}.Release|Any CPU.Build.0 = Release|Any CPU
		{0006C7B3-BC46-4473-A2A4-A5360DC677C3}.Debug|Any CPU.ActiveCfg = Debug|Any CPU
		{0006C7B3-BC46-4473-A2A4-A5360DC677C3}.Debug|Any CPU.Build.0 = Debug|Any CPU
		{0006C7B3-BC46-4473-A2A4-A5360DC677C3}.Release|Any CPU.ActiveCfg = Release|Any CPU
		{0006C7B3-BC46-4473-A2A4-A5360DC677C3}.Release|Any CPU.Build.0 = Release|Any CPU
		{957EBB7C-F38E-4EF2-B22A-2C7E34713262}.Debug|Any CPU.ActiveCfg = Debug|Any CPU
		{957EBB7C-F38E-4EF2-B22A-2C7E34713262}.Debug|Any CPU.Build.0 = Debug|Any CPU
		{957EBB7C-F38E-4EF2-B22A-2C7E34713262}.Release|Any CPU.ActiveCfg = Release|Any CPU
		{957EBB7C-F38E-4EF2-B22A-2C7E34713262}.Release|Any CPU.Build.0 = Release|Any CPU
		{9D963FB1-E600-4EF6-BF75-3020FECDC2A7}.Debug|Any CPU.ActiveCfg = Debug|Any CPU
		{9D963FB1-E600-4EF6-BF75-3020FECDC2A7}.Debug|Any CPU.Build.0 = Debug|Any CPU
		{9D963FB1-E600-4EF6-BF75-3020FECDC2A7}.Release|Any CPU.ActiveCfg = Release|Any CPU
		{9D963FB1-E600-4EF6-BF75-3020FECDC2A7}.Release|Any CPU.Build.0 = Release|Any CPU
	EndGlobalSection
	GlobalSection(NestedProjects) = preSolution
		{98228D2B-2F01-473B-B6FA-4C4F6C0D575B} = {ECB4375E-3A3F-4CD0-86FC-AF0B7C3F0F0A}
		{7C751A63-8E17-46D7-8979-18C046261BA7} = {ECB4375E-3A3F-4CD0-86FC-AF0B7C3F0F0A}
		{F1AFFC67-F382-45B7-9FDA-E630EDA62781} = {ECB4375E-3A3F-4CD0-86FC-AF0B7C3F0F0A}
		{89750BB3-1B56-4E97-87CA-1890EBE419EB} = {ECB4375E-3A3F-4CD0-86FC-AF0B7C3F0F0A}
		{0006C7B3-BC46-4473-A2A4-A5360DC677C3} = {ECB4375E-3A3F-4CD0-86FC-AF0B7C3F0F0A}
		{957EBB7C-F38E-4EF2-B22A-2C7E34713262} = {ECB4375E-3A3F-4CD0-86FC-AF0B7C3F0F0A}
		{9D963FB1-E600-4EF6-BF75-3020FECDC2A7} = {0AEA2DFC-3D46-479B-9179-B31124AB72FC}
	EndGlobalSection
EndGlobal
