
Microsoft Visual Studio Solution File, Format Version 12.00
# Visual Studio Version 17
VisualStudioVersion = 17.0.31903.59
MinimumVisualStudioVersion = 10.0.40219.1
Project("{2150E333-8FDC-42A3-9474-1A3956D46DE8}") = "src", "src", "{7095E4AE-D12A-4448-88A4-40A10BAF40A6}"
EndProject
Project("{FAE04EC0-301F-11D3-BF4B-00C04F79EFBC}") = "IzbanKiosk.LegacyHardware.Contracts.Net40", "src\IzbanKiosk.LegacyHardware.Contracts.Net40\IzbanKiosk.LegacyHardware.Contracts.Net40.csproj", "{116E7887-63A0-49BF-A8F0-B1F8F5830AD9}"
EndProject
Project("{FAE04EC0-301F-11D3-BF4B-00C04F79EFBC}") = "IzbanKiosk.LegacyHardwareBridge", "src\IzbanKiosk.LegacyHardwareBridge\IzbanKiosk.LegacyHardwareBridge.csproj", "{68AA6731-3BC7-473F-9B61-FBE87DBA1939}"
EndProject
Project("{FAE04EC0-301F-11D3-BF4B-00C04F79EFBC}") = "IzbanKiosk.Terminal", "src\IzbanKiosk.Terminal\IzbanKiosk.Terminal.csproj", "{4E105817-7AFD-4E54-A19D-9F988D4436B9}"
EndProject
Project("{2150E333-8FDC-42A3-9474-1A3956D46DE8}") = "tests", "tests", "{DB1AFF21-9847-4754-9C3A-69B652921797}"
EndProject
Project("{FAE04EC0-301F-11D3-BF4B-00C04F79EFBC}") = "IzbanKiosk.Tests", "tests\IzbanKiosk.Tests\IzbanKiosk.Tests.csproj", "{8CB12E9E-17E6-46D7-9DE6-075722527D7B}"
EndProject
Global
	GlobalSection(SolutionConfigurationPlatforms) = preSolution
		Debug|Any CPU = Debug|Any CPU
		Release|Any CPU = Release|Any CPU
	EndGlobalSection
	GlobalSection(SolutionProperties) = preSolution
		HideSolutionNode = FALSE
	EndGlobalSection
	GlobalSection(ProjectConfigurationPlatforms) = postSolution
		{116E7887-63A0-49BF-A8F0-B1F8F5830AD9}.Debug|Any CPU.ActiveCfg = Debug|Any CPU
		{116E7887-63A0-49BF-A8F0-B1F8F5830AD9}.Debug|Any CPU.Build.0 = Debug|Any CPU
		{116E7887-63A0-49BF-A8F0-B1F8F5830AD9}.Release|Any CPU.ActiveCfg = Release|Any CPU
		{116E7887-63A0-49BF-A8F0-B1F8F5830AD9}.Release|Any CPU.Build.0 = Release|Any CPU
		{68AA6731-3BC7-473F-9B61-FBE87DBA1939}.Debug|Any CPU.ActiveCfg = Debug|x86
		{68AA6731-3BC7-473F-9B61-FBE87DBA1939}.Debug|Any CPU.Build.0 = Debug|x86
		{68AA6731-3BC7-473F-9B61-FBE87DBA1939}.Release|Any CPU.ActiveCfg = Release|x86
		{68AA6731-3BC7-473F-9B61-FBE87DBA1939}.Release|Any CPU.Build.0 = Release|x86
		{4E105817-7AFD-4E54-A19D-9F988D4436B9}.Debug|Any CPU.ActiveCfg = Debug|x86
		{4E105817-7AFD-4E54-A19D-9F988D4436B9}.Debug|Any CPU.Build.0 = Debug|x86
		{4E105817-7AFD-4E54-A19D-9F988D4436B9}.Release|Any CPU.ActiveCfg = Release|x86
		{4E105817-7AFD-4E54-A19D-9F988D4436B9}.Release|Any CPU.Build.0 = Release|x86
		{8CB12E9E-17E6-46D7-9DE6-075722527D7B}.Debug|Any CPU.ActiveCfg = Debug|Any CPU
		{8CB12E9E-17E6-46D7-9DE6-075722527D7B}.Debug|Any CPU.Build.0 = Debug|Any CPU
		{8CB12E9E-17E6-46D7-9DE6-075722527D7B}.Release|Any CPU.ActiveCfg = Release|Any CPU
		{8CB12E9E-17E6-46D7-9DE6-075722527D7B}.Release|Any CPU.Build.0 = Release|Any CPU
	EndGlobalSection
	GlobalSection(NestedProjects) = preSolution
		{116E7887-63A0-49BF-A8F0-B1F8F5830AD9} = {7095E4AE-D12A-4448-88A4-40A10BAF40A6}
		{68AA6731-3BC7-473F-9B61-FBE87DBA1939} = {7095E4AE-D12A-4448-88A4-40A10BAF40A6}
		{4E105817-7AFD-4E54-A19D-9F988D4436B9} = {7095E4AE-D12A-4448-88A4-40A10BAF40A6}
		{8CB12E9E-17E6-46D7-9DE6-075722527D7B} = {DB1AFF21-9847-4754-9C3A-69B652921797}
	EndGlobalSection
EndGlobal
